
Microsoft Visual Studio Solution File, Format Version 12.00
# Visual Studio Version 17
VisualStudioVersion = 17.1.32228.430
MinimumVisualStudioVersion = 10.0.40219.1
Project("{2150E333-8FDC-42A3-9474-1A3956D46DE8}") = "tests", "tests", "{B597E143-AF83-47B2-B3D3-676453D317A6}"
	ProjectSection(SolutionItems) = preProject
		..\primary\grmath.h = ..\primary\grmath.h
		..\testy\test_grmath.cpp = ..\testy\test_grmath.cpp
	EndProjectSection
EndProject
Project("{8BC9CEB8-8B4A-11D0-8D11-00A0C91BC942}") = "test_triangle", "test_triangle\test_triangle.vcxproj", "{1DF52B2D-1679-44A1-8102-BDC35D888FDE}"
EndProject
Project("{8BC9CEB8-8B4A-11D0-8D11-00A0C91BC942}") = "camview", "camview\camview.vcxproj", "{15A3FE46-DBCF-4B41-ACB7-CD9D8724D706}"
EndProject
Project("{2150E333-8FDC-42A3-9474-1A3956D46DE8}") = "examples", "examples", "{6E645CFC-7BF9-40D8-AAEE-1CCB65D0AF88}"
EndProject
Project("{8BC9CEB8-8B4A-11D0-8D11-00A0C91BC942}") = "activelamp", "activelamp\activelamp.vcxproj", "{85E25E61-DF58-4966-8CD5-0A6189A11DE8}"
EndProject
Project("{8BC9CEB8-8B4A-11D0-8D11-00A0C91BC942}") = "screenplanes", "screenplanes\screenplanes.vcxproj", "{39053EC6-DD33-46AC-BAD8-1800EE343B79}"
EndProject
Project("{8BC9CEB8-8B4A-11D0-8D11-00A0C91BC942}") = "compkeyboard", "compkeyboard\compkeyboard.vcxproj", "{1433C06C-B6EA-4C36-AB4F-1D932E4E1B11}"
EndProject
Project("{8BC9CEB8-8B4A-11D0-8D11-00A0C91BC942}") = "svgcolors", "svgcolors\svgcolors.vcxproj", "{11182411-0E06-4C3E-8598-06D22091DC47}"
EndProject
Project("{8BC9CEB8-8B4A-11D0-8D11-00A0C91BC942}") = "shapes", "shapes\shapes.vcxproj", "{276A19EA-5A1A-4690-A80F-B6530B3C82F7}"
EndProject
Project("{2150E333-8FDC-42A3-9474-1A3956D46DE8}") = "Solution Items", "Solution Items", "{5E3E75A8-C1AB-45DD-9720-3BF13AC35A52}"
	ProjectSection(SolutionItems) = preProject
		README.md = README.md
	EndProjectSection
EndProject
Project("{8BC9CEB8-8B4A-11D0-8D11-00A0C91BC942}") = "simchain", "simchain\simchain.vcxproj", "{6299A418-8D09-44B9-B00E-615C738F0AE8}"
EndProject
Project("{8BC9CEB8-8B4A-11D0-8D11-00A0C91BC942}") = "covidplot", "covidplot\covidplot.vcxproj", "{72A6701E-8730-4241-BC39-F7972E5FA12C}"
EndProject
Project("{8BC9CEB8-8B4A-11D0-8D11-00A0C91BC942}") = "analogclock", "analogclock\analogclock.vcxproj", "{1733F41A-E101-4931-B2DB-E9028AF8CF53}"
EndProject
Project("{8BC9CEB8-8B4A-11D0-8D11-00A0C91BC942}") = "remoter", "remoter\remoter.vcxproj", "{180306ED-6115-4BF8-A07C-6741B9BF5AFF}"
EndProject
Project("{8BC9CEB8-8B4A-11D0-8D11-00A0C91BC942}") = "lsystem", "lsystem\lsystem.vcxproj", "{9AFBEAFC-62BA-418D-BC26-72F31CAB9CCE}"
EndProject
Project("{8BC9CEB8-8B4A-11D0-8D11-00A0C91BC942}") = "rain", "rain\rain.vcxproj", "{672A3E8B-0AED-4ACD-B9A1-1F89C58F4FE2}"
EndProject
Project("{8BC9CEB8-8B4A-11D0-8D11-00A0C91BC942}") = "starfield", "starfield\starfield.vcxproj", "{B88D76C3-AA04-491E-98E2-DFA21816D7A1}"
EndProject
Project("{8BC9CEB8-8B4A-11D0-8D11-00A0C91BC942}") = "primary", "..\primary\primary.vcxproj", "{08F18825-9E63-4BD0-9B1C-53E8D94EFB67}"
EndProject
Project("{8BC9CEB8-8B4A-11D0-8D11-00A0C91BC942}") = "waterripple", "waterripple\waterripple.vcxproj", "{68F98B1F-4C6E-47A9-8D30-974627B15E82}"
EndProject
Project("{8BC9CEB8-8B4A-11D0-8D11-00A0C91BC942}") = "rainbow", "rainbow\rainbow.vcxproj", "{0289CAF9-7256-4EC2-8C17-0BE11A6382BF}"
EndProject
Project("{8BC9CEB8-8B4A-11D0-8D11-00A0C91BC942}") = "calendar", "calendar\calendar.vcxproj", "{7B992322-D577-4E02-9C3D-CAEF37102BF3}"
EndProject
Project("{8BC9CEB8-8B4A-11D0-8D11-00A0C91BC942}") = "bannersketch", "bannersketch\bannersketch.vcxproj", "{830722E3-1771-426B-A87F-065CCC5DE994}"
EndProject
Project("{8BC9CEB8-8B4A-11D0-8D11-00A0C91BC942}") = "desktoplife", "desktoplife\desktoplife.vcxproj", "{975BE16E-12A8-4AA3-BEE6-5C33D2AC60C2}"
EndProject
Project("{8BC9CEB8-8B4A-11D0-8D11-00A0C91BC942}") = "lerpcolor", "lerpcolor\lerpcolor.vcxproj", "{489046FA-43D0-462C-8630-C4B98866DDCD}"
EndProject
Project("{8BC9CEB8-8B4A-11D0-8D11-00A0C91BC942}") = "spirograph", "spirograph\spirograph.vcxproj", "{CEF0F3BC-2EC7-402C-9EF8-54DFE5E022EB}"
EndProject
Project("{8BC9CEB8-8B4A-11D0-8D11-00A0C91BC942}") = "wavemaker", "wavemaker\wavemaker.vcxproj", "{7FEE24B1-0C33-4723-9BA4-27063DCAFAA8}"
EndProject
Project("{8BC9CEB8-8B4A-11D0-8D11-00A0C91BC942}") = "parimage", "parimage\parimage.vcxproj", "{DAD4C6DD-42DD-467D-AB20-91B9EC5E6C7C}"
EndProject
Project("{8BC9CEB8-8B4A-11D0-8D11-00A0C91BC942}") = "view3d", "view3d\view3d.vcxproj", "{7C94B54C-6D4E-44CA-A6DB-7F04FF39029D}"
EndProject
Project("{8BC9CEB8-8B4A-11D0-8D11-00A0C91BC942}") = "tgaviewer", "tgaviewer\tgaviewer.vcxproj", "{DD26C5A0-6601-4BB3-B1CD-BF0A4AF999A3}"
EndProject
Project("{8BC9CEB8-8B4A-11D0-8D11-00A0C91BC942}") = "cal3d", "cal3d\cal3d.vcxproj", "{000ACDE2-C17A-416F-B775-6DD6328290D9}"
EndProject
Project("{8BC9CEB8-8B4A-11D0-8D11-00A0C91BC942}") = "joyride", "joyride\joyride.vcxproj", "{0BD725A9-DFC5-4F74-AF83-A5F342F06C44}"
EndProject
Project("{8BC9CEB8-8B4A-11D0-8D11-00A0C91BC942}") = "targetit", "targetit\targetit.vcxproj", "{C11BC8BF-C4F4-4668-987F-C0F76F3FAE6B}"
EndProject
Project("{8BC9CEB8-8B4A-11D0-8D11-00A0C91BC942}") = "viewstl", "viewstl\viewstl.vcxproj", "{EEC11E40-2864-425D-8A17-D816924A7BC6}"
EndProject
Project("{8BC9CEB8-8B4A-11D0-8D11-00A0C91BC942}") = "ratiow", "ratiow\ratiow.vcxproj", "{C9CED229-EDC0-4B28-95B1-25DF36580018}"
EndProject
Project("{8BC9CEB8-8B4A-11D0-8D11-00A0C91BC942}") = "raygui", "raygui\raygui.vcxproj", "{26790A0B-3C0B-42C3-873B-6C762EE3D9B6}"
EndProject
Project("{8BC9CEB8-8B4A-11D0-8D11-00A0C91BC942}") = "snapview", "snapview\snapview.vcxproj", "{7BA2A981-49B7-4653-8404-E89753A58E27}"
EndProject
Project("{8BC9CEB8-8B4A-11D0-8D11-00A0C91BC942}") = "sketchy", "sketchy\sketchy.vcxproj", "{1B40AEF6-DFC1-49BC-B1CD-B9CFBBDB20A7}"
EndProject
Project("{8BC9CEB8-8B4A-11D0-8D11-00A0C91BC942}") = "txtmania", "txtmania\txtmania.vcxproj", "{5D9FD833-B934-4928-953C-AB845E67A6AA}"
EndProject
Project("{8BC9CEB8-8B4A-11D0-8D11-00A0C91BC942}") = "sinwave", "sinwave\sinwave.vcxproj", "{8B861196-7A03-4659-A6E7-12974A0130F6}"
EndProject
Project("{8BC9CEB8-8B4A-11D0-8D11-00A0C91BC942}") = "finalysis", "finalysis\finalysis.vcxproj", "{7EB6D097-364C-4273-8008-AE57CF95250C}"
EndProject
Project("{8BC9CEB8-8B4A-11D0-8D11-00A0C91BC942}") = "psily", "psily\psily.vcxproj", "{0D465E29-43BD-4C2F-B463-3EA18D964A0E}"
EndProject
Project("{8BC9CEB8-8B4A-11D0-8D11-00A0C91BC942}") = "squardle", "squardle\squardle.vcxproj", "{B2881C89-7FB2-44D2-9EC6-A57EE2B32FE9}"
EndProject
Project("{8BC9CEB8-8B4A-11D0-8D11-00A0C91BC942}") = "pagiview", "pagiview\pagiview.vcxproj", "{3E7BED5C-585E-4B65-ACD8-EE3B6972FD1D}"
EndProject
Project("{8BC9CEB8-8B4A-11D0-8D11-00A0C91BC942}") = "touchy", "touchy\touchy.vcxproj", "{E419F61F-6D24-4D96-AA48-631463672109}"
EndProject
Project("{8BC9CEB8-8B4A-11D0-8D11-00A0C91BC942}") = "pointy", "pointy\pointy.vcxproj", "{D20329C2-3EFE-49F5-825A-678FE81D78A5}"
EndProject
Project("{8BC9CEB8-8B4A-11D0-8D11-00A0C91BC942}") = "colorama", "colorama\colorama.vcxproj", "{D9D61661-5C93-4A7F-830A-F1849B5C843F}"
EndProject
Project("{8BC9CEB8-8B4A-11D0-8D11-00A0C91BC942}") = "rtchallenge", "rtchallenge\rtchallenge.vcxproj", "{BA83D639-4A7E-4393-A3F6-03E481678819}"
EndProject
Project("{8BC9CEB8-8B4A-11D0-8D11-00A0C91BC942}") = "wordy", "wordy\wordy.vcxproj", "{D602DE94-5B1E-435D-9321-6CE8EE97D581}"
EndProject
Project("{8BC9CEB8-8B4A-11D0-8D11-00A0C91BC942}") = "lc3vm", "lc3vm\lc3vm.vcxproj", "{AC117DE0-01C3-4048-A2E8-3FE8903F9B7A}"
EndProject
Project("{8BC9CEB8-8B4A-11D0-8D11-00A0C91BC942}") = "pubit", "pubit\pubit.vcxproj", "{3F8D5DFB-8088-4B6A-AB01-CF4DA2294FCF}"
EndProject
Project("{8BC9CEB8-8B4A-11D0-8D11-00A0C91BC942}") = "ticktime", "ticktime\ticktime.vcxproj", "{B0682529-BCE1-44AE-8D66-6AFDC7D6CF10}"
EndProject
Project("{8BC9CEB8-8B4A-11D0-8D11-00A0C91BC942}") = "httping", "httping\httping.vcxproj", "{E3DA3BD3-6288-4B74-8741-9F47E6AF7C98}"
EndProject
Project("{8BC9CEB8-8B4A-11D0-8D11-00A0C91BC942}") = "rtant", "rtant\rtant.vcxproj", "{09271AFA-31F0-4811-A55E-BEEA286F0549}"
EndProject
Project("{8BC9CEB8-8B4A-11D0-8D11-00A0C91BC942}") = "texcubes", "texcubes\texcubes.vcxproj", "{9D1FDE26-A90A-45C6-9D87-C0DEC09EF63A}"
EndProject
Project("{8BC9CEB8-8B4A-11D0-8D11-00A0C91BC942}") = "fontsum", "fontsum\fontsum.vcxproj", "{1B528FB1-27A5-4368-A582-766CC16D9FF3}"
EndProject
Project("{8BC9CEB8-8B4A-11D0-8D11-00A0C91BC942}") = "calib", "calib\calib.vcxproj", "{6C570C9F-DA9C-4D60-A158-A3F291DCA020}"
EndProject
Project("{8BC9CEB8-8B4A-11D0-8D11-00A0C91BC942}") = "loopy", "loopy\loopy.vcxproj", "{F1652531-1773-4A1D-BFD4-3F365E6BD689}"
EndProject
Project("{8BC9CEB8-8B4A-11D0-8D11-00A0C91BC942}") = "tinyvg", "tinyvg\tinyvg.vcxproj", "{EDFA4313-F545-4690-A55A-BF83DBEF7BF5}"
EndProject
Project("{8BC9CEB8-8B4A-11D0-8D11-00A0C91BC942}") = "tinyvgviewer", "tinyvgviewer\tinyvgviewer.vcxproj", "{7B6EA290-FA58-4DC1-9A18-6D40168D7975}"
EndProject
Project("{8BC9CEB8-8B4A-11D0-8D11-00A0C91BC942}") = "WaltzOfTheCircles", "WaltzOfTheCircles\WaltzOfTheCircles.vcxproj", "{C760075E-DACA-4FFF-86E9-098AC2398B0A}"
EndProject
Project("{8BC9CEB8-8B4A-11D0-8D11-00A0C91BC942}") = "videodj", "videodj\videodj.vcxproj", "{101604E7-4904-45CC-879B-EC809CF926BA}"
EndProject
Project("{8BC9CEB8-8B4A-11D0-8D11-00A0C91BC942}") = "trackwin", "trackwin\trackwin.vcxproj", "{78C66B74-57A6-449E-BDB2-CE150470A6DA}"
EndProject
Project("{8BC9CEB8-8B4A-11D0-8D11-00A0C91BC942}") = "infinical", "infinical\infinical.vcxproj", "{514FFA35-3A5F-463B-9AF6-BDBB237E2BBF}"
EndProject
Project("{8BC9CEB8-8B4A-11D0-8D11-00A0C91BC942}") = "svgviewer", "svgviewer\svgviewer.vcxproj", "{C3A20914-262C-43C2-996B-BB5A165348D8}"
EndProject
Global
	GlobalSection(SolutionConfigurationPlatforms) = preSolution
		Debug|x64 = Debug|x64
		Debug|x86 = Debug|x86
		Release|x64 = Release|x64
		Release|x86 = Release|x86
	EndGlobalSection
	GlobalSection(ProjectConfigurationPlatforms) = postSolution
		{1DF52B2D-1679-44A1-8102-BDC35D888FDE}.Debug|x64.ActiveCfg = Debug|x64
		{1DF52B2D-1679-44A1-8102-BDC35D888FDE}.Debug|x64.Build.0 = Debug|x64
		{1DF52B2D-1679-44A1-8102-BDC35D888FDE}.Debug|x86.ActiveCfg = Debug|Win32
		{1DF52B2D-1679-44A1-8102-BDC35D888FDE}.Debug|x86.Build.0 = Debug|Win32
		{1DF52B2D-1679-44A1-8102-BDC35D888FDE}.Release|x64.ActiveCfg = Release|x64
		{1DF52B2D-1679-44A1-8102-BDC35D888FDE}.Release|x64.Build.0 = Release|x64
		{1DF52B2D-1679-44A1-8102-BDC35D888FDE}.Release|x86.ActiveCfg = Release|Win32
		{1DF52B2D-1679-44A1-8102-BDC35D888FDE}.Release|x86.Build.0 = Release|Win32
		{15A3FE46-DBCF-4B41-ACB7-CD9D8724D706}.Debug|x64.ActiveCfg = Debug|x64
		{15A3FE46-DBCF-4B41-ACB7-CD9D8724D706}.Debug|x64.Build.0 = Debug|x64
		{15A3FE46-DBCF-4B41-ACB7-CD9D8724D706}.Debug|x86.ActiveCfg = Debug|Win32
		{15A3FE46-DBCF-4B41-ACB7-CD9D8724D706}.Debug|x86.Build.0 = Debug|Win32
		{15A3FE46-DBCF-4B41-ACB7-CD9D8724D706}.Release|x64.ActiveCfg = Release|x64
		{15A3FE46-DBCF-4B41-ACB7-CD9D8724D706}.Release|x64.Build.0 = Release|x64
		{15A3FE46-DBCF-4B41-ACB7-CD9D8724D706}.Release|x86.ActiveCfg = Release|Win32
		{15A3FE46-DBCF-4B41-ACB7-CD9D8724D706}.Release|x86.Build.0 = Release|Win32
		{85E25E61-DF58-4966-8CD5-0A6189A11DE8}.Debug|x64.ActiveCfg = Debug|x64
		{85E25E61-DF58-4966-8CD5-0A6189A11DE8}.Debug|x64.Build.0 = Debug|x64
		{85E25E61-DF58-4966-8CD5-0A6189A11DE8}.Debug|x86.ActiveCfg = Debug|Win32
		{85E25E61-DF58-4966-8CD5-0A6189A11DE8}.Debug|x86.Build.0 = Debug|Win32
		{85E25E61-DF58-4966-8CD5-0A6189A11DE8}.Release|x64.ActiveCfg = Release|x64
		{85E25E61-DF58-4966-8CD5-0A6189A11DE8}.Release|x64.Build.0 = Release|x64
		{85E25E61-DF58-4966-8CD5-0A6189A11DE8}.Release|x86.ActiveCfg = Release|Win32
		{85E25E61-DF58-4966-8CD5-0A6189A11DE8}.Release|x86.Build.0 = Release|Win32
		{39053EC6-DD33-46AC-BAD8-1800EE343B79}.Debug|x64.ActiveCfg = Debug|x64
		{39053EC6-DD33-46AC-BAD8-1800EE343B79}.Debug|x64.Build.0 = Debug|x64
		{39053EC6-DD33-46AC-BAD8-1800EE343B79}.Debug|x86.ActiveCfg = Debug|Win32
		{39053EC6-DD33-46AC-BAD8-1800EE343B79}.Debug|x86.Build.0 = Debug|Win32
		{39053EC6-DD33-46AC-BAD8-1800EE343B79}.Release|x64.ActiveCfg = Release|x64
		{39053EC6-DD33-46AC-BAD8-1800EE343B79}.Release|x64.Build.0 = Release|x64
		{39053EC6-DD33-46AC-BAD8-1800EE343B79}.Release|x86.ActiveCfg = Release|Win32
		{39053EC6-DD33-46AC-BAD8-1800EE343B79}.Release|x86.Build.0 = Release|Win32
		{1433C06C-B6EA-4C36-AB4F-1D932E4E1B11}.Debug|x64.ActiveCfg = Debug|x64
		{1433C06C-B6EA-4C36-AB4F-1D932E4E1B11}.Debug|x64.Build.0 = Debug|x64
		{1433C06C-B6EA-4C36-AB4F-1D932E4E1B11}.Debug|x86.ActiveCfg = Debug|Win32
		{1433C06C-B6EA-4C36-AB4F-1D932E4E1B11}.Debug|x86.Build.0 = Debug|Win32
		{1433C06C-B6EA-4C36-AB4F-1D932E4E1B11}.Release|x64.ActiveCfg = Release|x64
		{1433C06C-B6EA-4C36-AB4F-1D932E4E1B11}.Release|x64.Build.0 = Release|x64
		{1433C06C-B6EA-4C36-AB4F-1D932E4E1B11}.Release|x86.ActiveCfg = Release|Win32
		{1433C06C-B6EA-4C36-AB4F-1D932E4E1B11}.Release|x86.Build.0 = Release|Win32
		{11182411-0E06-4C3E-8598-06D22091DC47}.Debug|x64.ActiveCfg = Debug|x64
		{11182411-0E06-4C3E-8598-06D22091DC47}.Debug|x64.Build.0 = Debug|x64
		{11182411-0E06-4C3E-8598-06D22091DC47}.Debug|x86.ActiveCfg = Debug|Win32
		{11182411-0E06-4C3E-8598-06D22091DC47}.Debug|x86.Build.0 = Debug|Win32
		{11182411-0E06-4C3E-8598-06D22091DC47}.Release|x64.ActiveCfg = Release|x64
		{11182411-0E06-4C3E-8598-06D22091DC47}.Release|x64.Build.0 = Release|x64
		{11182411-0E06-4C3E-8598-06D22091DC47}.Release|x86.ActiveCfg = Release|Win32
		{11182411-0E06-4C3E-8598-06D22091DC47}.Release|x86.Build.0 = Release|Win32
		{276A19EA-5A1A-4690-A80F-B6530B3C82F7}.Debug|x64.ActiveCfg = Debug|x64
		{276A19EA-5A1A-4690-A80F-B6530B3C82F7}.Debug|x64.Build.0 = Debug|x64
		{276A19EA-5A1A-4690-A80F-B6530B3C82F7}.Debug|x86.ActiveCfg = Debug|Win32
		{276A19EA-5A1A-4690-A80F-B6530B3C82F7}.Debug|x86.Build.0 = Debug|Win32
		{276A19EA-5A1A-4690-A80F-B6530B3C82F7}.Release|x64.ActiveCfg = Release|x64
		{276A19EA-5A1A-4690-A80F-B6530B3C82F7}.Release|x64.Build.0 = Release|x64
		{276A19EA-5A1A-4690-A80F-B6530B3C82F7}.Release|x86.ActiveCfg = Release|Win32
		{276A19EA-5A1A-4690-A80F-B6530B3C82F7}.Release|x86.Build.0 = Release|Win32
		{6299A418-8D09-44B9-B00E-615C738F0AE8}.Debug|x64.ActiveCfg = Debug|x64
		{6299A418-8D09-44B9-B00E-615C738F0AE8}.Debug|x64.Build.0 = Debug|x64
		{6299A418-8D09-44B9-B00E-615C738F0AE8}.Debug|x86.ActiveCfg = Debug|Win32
		{6299A418-8D09-44B9-B00E-615C738F0AE8}.Debug|x86.Build.0 = Debug|Win32
		{6299A418-8D09-44B9-B00E-615C738F0AE8}.Release|x64.ActiveCfg = Release|x64
		{6299A418-8D09-44B9-B00E-615C738F0AE8}.Release|x64.Build.0 = Release|x64
		{6299A418-8D09-44B9-B00E-615C738F0AE8}.Release|x86.ActiveCfg = Release|Win32
		{6299A418-8D09-44B9-B00E-615C738F0AE8}.Release|x86.Build.0 = Release|Win32
		{72A6701E-8730-4241-BC39-F7972E5FA12C}.Debug|x64.ActiveCfg = Debug|x64
		{72A6701E-8730-4241-BC39-F7972E5FA12C}.Debug|x64.Build.0 = Debug|x64
		{72A6701E-8730-4241-BC39-F7972E5FA12C}.Debug|x86.ActiveCfg = Debug|Win32
		{72A6701E-8730-4241-BC39-F7972E5FA12C}.Debug|x86.Build.0 = Debug|Win32
		{72A6701E-8730-4241-BC39-F7972E5FA12C}.Release|x64.ActiveCfg = Release|x64
		{72A6701E-8730-4241-BC39-F7972E5FA12C}.Release|x64.Build.0 = Release|x64
		{72A6701E-8730-4241-BC39-F7972E5FA12C}.Release|x86.ActiveCfg = Release|Win32
		{72A6701E-8730-4241-BC39-F7972E5FA12C}.Release|x86.Build.0 = Release|Win32
		{1733F41A-E101-4931-B2DB-E9028AF8CF53}.Debug|x64.ActiveCfg = Debug|x64
		{1733F41A-E101-4931-B2DB-E9028AF8CF53}.Debug|x64.Build.0 = Debug|x64
		{1733F41A-E101-4931-B2DB-E9028AF8CF53}.Debug|x86.ActiveCfg = Debug|Win32
		{1733F41A-E101-4931-B2DB-E9028AF8CF53}.Debug|x86.Build.0 = Debug|Win32
		{1733F41A-E101-4931-B2DB-E9028AF8CF53}.Release|x64.ActiveCfg = Release|x64
		{1733F41A-E101-4931-B2DB-E9028AF8CF53}.Release|x64.Build.0 = Release|x64
		{1733F41A-E101-4931-B2DB-E9028AF8CF53}.Release|x86.ActiveCfg = Release|Win32
		{1733F41A-E101-4931-B2DB-E9028AF8CF53}.Release|x86.Build.0 = Release|Win32
		{180306ED-6115-4BF8-A07C-6741B9BF5AFF}.Debug|x64.ActiveCfg = Debug|x64
		{180306ED-6115-4BF8-A07C-6741B9BF5AFF}.Debug|x64.Build.0 = Debug|x64
		{180306ED-6115-4BF8-A07C-6741B9BF5AFF}.Debug|x86.ActiveCfg = Debug|Win32
		{180306ED-6115-4BF8-A07C-6741B9BF5AFF}.Debug|x86.Build.0 = Debug|Win32
		{180306ED-6115-4BF8-A07C-6741B9BF5AFF}.Release|x64.ActiveCfg = Release|x64
		{180306ED-6115-4BF8-A07C-6741B9BF5AFF}.Release|x64.Build.0 = Release|x64
		{180306ED-6115-4BF8-A07C-6741B9BF5AFF}.Release|x86.ActiveCfg = Release|Win32
		{180306ED-6115-4BF8-A07C-6741B9BF5AFF}.Release|x86.Build.0 = Release|Win32
		{9AFBEAFC-62BA-418D-BC26-72F31CAB9CCE}.Debug|x64.ActiveCfg = Debug|x64
		{9AFBEAFC-62BA-418D-BC26-72F31CAB9CCE}.Debug|x64.Build.0 = Debug|x64
		{9AFBEAFC-62BA-418D-BC26-72F31CAB9CCE}.Debug|x86.ActiveCfg = Debug|Win32
		{9AFBEAFC-62BA-418D-BC26-72F31CAB9CCE}.Debug|x86.Build.0 = Debug|Win32
		{9AFBEAFC-62BA-418D-BC26-72F31CAB9CCE}.Release|x64.ActiveCfg = Release|x64
		{9AFBEAFC-62BA-418D-BC26-72F31CAB9CCE}.Release|x64.Build.0 = Release|x64
		{9AFBEAFC-62BA-418D-BC26-72F31CAB9CCE}.Release|x86.ActiveCfg = Release|Win32
		{9AFBEAFC-62BA-418D-BC26-72F31CAB9CCE}.Release|x86.Build.0 = Release|Win32
		{672A3E8B-0AED-4ACD-B9A1-1F89C58F4FE2}.Debug|x64.ActiveCfg = Debug|x64
		{672A3E8B-0AED-4ACD-B9A1-1F89C58F4FE2}.Debug|x64.Build.0 = Debug|x64
		{672A3E8B-0AED-4ACD-B9A1-1F89C58F4FE2}.Debug|x86.ActiveCfg = Debug|Win32
		{672A3E8B-0AED-4ACD-B9A1-1F89C58F4FE2}.Debug|x86.Build.0 = Debug|Win32
		{672A3E8B-0AED-4ACD-B9A1-1F89C58F4FE2}.Release|x64.ActiveCfg = Release|x64
		{672A3E8B-0AED-4ACD-B9A1-1F89C58F4FE2}.Release|x64.Build.0 = Release|x64
		{672A3E8B-0AED-4ACD-B9A1-1F89C58F4FE2}.Release|x86.ActiveCfg = Release|Win32
		{672A3E8B-0AED-4ACD-B9A1-1F89C58F4FE2}.Release|x86.Build.0 = Release|Win32
		{B88D76C3-AA04-491E-98E2-DFA21816D7A1}.Debug|x64.ActiveCfg = Debug|x64
		{B88D76C3-AA04-491E-98E2-DFA21816D7A1}.Debug|x64.Build.0 = Debug|x64
		{B88D76C3-AA04-491E-98E2-DFA21816D7A1}.Debug|x86.ActiveCfg = Debug|Win32
		{B88D76C3-AA04-491E-98E2-DFA21816D7A1}.Debug|x86.Build.0 = Debug|Win32
		{B88D76C3-AA04-491E-98E2-DFA21816D7A1}.Release|x64.ActiveCfg = Release|x64
		{B88D76C3-AA04-491E-98E2-DFA21816D7A1}.Release|x64.Build.0 = Release|x64
		{B88D76C3-AA04-491E-98E2-DFA21816D7A1}.Release|x86.ActiveCfg = Release|Win32
		{B88D76C3-AA04-491E-98E2-DFA21816D7A1}.Release|x86.Build.0 = Release|Win32
		{08F18825-9E63-4BD0-9B1C-53E8D94EFB67}.Debug|x64.ActiveCfg = Debug|x64
		{08F18825-9E63-4BD0-9B1C-53E8D94EFB67}.Debug|x64.Build.0 = Debug|x64
		{08F18825-9E63-4BD0-9B1C-53E8D94EFB67}.Debug|x86.ActiveCfg = Debug|Win32
		{08F18825-9E63-4BD0-9B1C-53E8D94EFB67}.Debug|x86.Build.0 = Debug|Win32
		{08F18825-9E63-4BD0-9B1C-53E8D94EFB67}.Release|x64.ActiveCfg = Release|x64
		{08F18825-9E63-4BD0-9B1C-53E8D94EFB67}.Release|x64.Build.0 = Release|x64
		{08F18825-9E63-4BD0-9B1C-53E8D94EFB67}.Release|x86.ActiveCfg = Release|Win32
		{08F18825-9E63-4BD0-9B1C-53E8D94EFB67}.Release|x86.Build.0 = Release|Win32
		{68F98B1F-4C6E-47A9-8D30-974627B15E82}.Debug|x64.ActiveCfg = Debug|x64
		{68F98B1F-4C6E-47A9-8D30-974627B15E82}.Debug|x64.Build.0 = Debug|x64
		{68F98B1F-4C6E-47A9-8D30-974627B15E82}.Debug|x86.ActiveCfg = Debug|Win32
		{68F98B1F-4C6E-47A9-8D30-974627B15E82}.Debug|x86.Build.0 = Debug|Win32
		{68F98B1F-4C6E-47A9-8D30-974627B15E82}.Release|x64.ActiveCfg = Release|x64
		{68F98B1F-4C6E-47A9-8D30-974627B15E82}.Release|x64.Build.0 = Release|x64
		{68F98B1F-4C6E-47A9-8D30-974627B15E82}.Release|x86.ActiveCfg = Release|Win32
		{68F98B1F-4C6E-47A9-8D30-974627B15E82}.Release|x86.Build.0 = Release|Win32
		{0289CAF9-7256-4EC2-8C17-0BE11A6382BF}.Debug|x64.ActiveCfg = Debug|x64
		{0289CAF9-7256-4EC2-8C17-0BE11A6382BF}.Debug|x64.Build.0 = Debug|x64
		{0289CAF9-7256-4EC2-8C17-0BE11A6382BF}.Debug|x86.ActiveCfg = Debug|Win32
		{0289CAF9-7256-4EC2-8C17-0BE11A6382BF}.Debug|x86.Build.0 = Debug|Win32
		{0289CAF9-7256-4EC2-8C17-0BE11A6382BF}.Release|x64.ActiveCfg = Release|x64
		{0289CAF9-7256-4EC2-8C17-0BE11A6382BF}.Release|x64.Build.0 = Release|x64
		{0289CAF9-7256-4EC2-8C17-0BE11A6382BF}.Release|x86.ActiveCfg = Release|Win32
		{0289CAF9-7256-4EC2-8C17-0BE11A6382BF}.Release|x86.Build.0 = Release|Win32
		{7B992322-D577-4E02-9C3D-CAEF37102BF3}.Debug|x64.ActiveCfg = Debug|x64
		{7B992322-D577-4E02-9C3D-CAEF37102BF3}.Debug|x64.Build.0 = Debug|x64
		{7B992322-D577-4E02-9C3D-CAEF37102BF3}.Debug|x86.ActiveCfg = Debug|Win32
		{7B992322-D577-4E02-9C3D-CAEF37102BF3}.Debug|x86.Build.0 = Debug|Win32
		{7B992322-D577-4E02-9C3D-CAEF37102BF3}.Release|x64.ActiveCfg = Release|x64
		{7B992322-D577-4E02-9C3D-CAEF37102BF3}.Release|x64.Build.0 = Release|x64
		{7B992322-D577-4E02-9C3D-CAEF37102BF3}.Release|x86.ActiveCfg = Release|Win32
		{7B992322-D577-4E02-9C3D-CAEF37102BF3}.Release|x86.Build.0 = Release|Win32
		{830722E3-1771-426B-A87F-065CCC5DE994}.Debug|x64.ActiveCfg = Debug|x64
		{830722E3-1771-426B-A87F-065CCC5DE994}.Debug|x64.Build.0 = Debug|x64
		{830722E3-1771-426B-A87F-065CCC5DE994}.Debug|x86.ActiveCfg = Debug|Win32
		{830722E3-1771-426B-A87F-065CCC5DE994}.Debug|x86.Build.0 = Debug|Win32
		{830722E3-1771-426B-A87F-065CCC5DE994}.Release|x64.ActiveCfg = Release|x64
		{830722E3-1771-426B-A87F-065CCC5DE994}.Release|x64.Build.0 = Release|x64
		{830722E3-1771-426B-A87F-065CCC5DE994}.Release|x86.ActiveCfg = Release|Win32
		{830722E3-1771-426B-A87F-065CCC5DE994}.Release|x86.Build.0 = Release|Win32
		{975BE16E-12A8-4AA3-BEE6-5C33D2AC60C2}.Debug|x64.ActiveCfg = Debug|x64
		{975BE16E-12A8-4AA3-BEE6-5C33D2AC60C2}.Debug|x64.Build.0 = Debug|x64
		{975BE16E-12A8-4AA3-BEE6-5C33D2AC60C2}.Debug|x86.ActiveCfg = Debug|Win32
		{975BE16E-12A8-4AA3-BEE6-5C33D2AC60C2}.Debug|x86.Build.0 = Debug|Win32
		{975BE16E-12A8-4AA3-BEE6-5C33D2AC60C2}.Release|x64.ActiveCfg = Release|x64
		{975BE16E-12A8-4AA3-BEE6-5C33D2AC60C2}.Release|x64.Build.0 = Release|x64
		{975BE16E-12A8-4AA3-BEE6-5C33D2AC60C2}.Release|x86.ActiveCfg = Release|Win32
		{975BE16E-12A8-4AA3-BEE6-5C33D2AC60C2}.Release|x86.Build.0 = Release|Win32
		{489046FA-43D0-462C-8630-C4B98866DDCD}.Debug|x64.ActiveCfg = Debug|x64
		{489046FA-43D0-462C-8630-C4B98866DDCD}.Debug|x64.Build.0 = Debug|x64
		{489046FA-43D0-462C-8630-C4B98866DDCD}.Debug|x86.ActiveCfg = Debug|Win32
		{489046FA-43D0-462C-8630-C4B98866DDCD}.Debug|x86.Build.0 = Debug|Win32
		{489046FA-43D0-462C-8630-C4B98866DDCD}.Release|x64.ActiveCfg = Release|x64
		{489046FA-43D0-462C-8630-C4B98866DDCD}.Release|x64.Build.0 = Release|x64
		{489046FA-43D0-462C-8630-C4B98866DDCD}.Release|x86.ActiveCfg = Release|Win32
		{489046FA-43D0-462C-8630-C4B98866DDCD}.Release|x86.Build.0 = Release|Win32
		{CEF0F3BC-2EC7-402C-9EF8-54DFE5E022EB}.Debug|x64.ActiveCfg = Debug|x64
		{CEF0F3BC-2EC7-402C-9EF8-54DFE5E022EB}.Debug|x64.Build.0 = Debug|x64
		{CEF0F3BC-2EC7-402C-9EF8-54DFE5E022EB}.Debug|x86.ActiveCfg = Debug|Win32
		{CEF0F3BC-2EC7-402C-9EF8-54DFE5E022EB}.Debug|x86.Build.0 = Debug|Win32
		{CEF0F3BC-2EC7-402C-9EF8-54DFE5E022EB}.Release|x64.ActiveCfg = Release|x64
		{CEF0F3BC-2EC7-402C-9EF8-54DFE5E022EB}.Release|x64.Build.0 = Release|x64
		{CEF0F3BC-2EC7-402C-9EF8-54DFE5E022EB}.Release|x86.ActiveCfg = Release|Win32
		{CEF0F3BC-2EC7-402C-9EF8-54DFE5E022EB}.Release|x86.Build.0 = Release|Win32
		{7FEE24B1-0C33-4723-9BA4-27063DCAFAA8}.Debug|x64.ActiveCfg = Debug|x64
		{7FEE24B1-0C33-4723-9BA4-27063DCAFAA8}.Debug|x64.Build.0 = Debug|x64
		{7FEE24B1-0C33-4723-9BA4-27063DCAFAA8}.Debug|x86.ActiveCfg = Debug|Win32
		{7FEE24B1-0C33-4723-9BA4-27063DCAFAA8}.Debug|x86.Build.0 = Debug|Win32
		{7FEE24B1-0C33-4723-9BA4-27063DCAFAA8}.Release|x64.ActiveCfg = Release|x64
		{7FEE24B1-0C33-4723-9BA4-27063DCAFAA8}.Release|x64.Build.0 = Release|x64
		{7FEE24B1-0C33-4723-9BA4-27063DCAFAA8}.Release|x86.ActiveCfg = Release|Win32
		{7FEE24B1-0C33-4723-9BA4-27063DCAFAA8}.Release|x86.Build.0 = Release|Win32
		{DAD4C6DD-42DD-467D-AB20-91B9EC5E6C7C}.Debug|x64.ActiveCfg = Debug|x64
		{DAD4C6DD-42DD-467D-AB20-91B9EC5E6C7C}.Debug|x64.Build.0 = Debug|x64
		{DAD4C6DD-42DD-467D-AB20-91B9EC5E6C7C}.Debug|x86.ActiveCfg = Debug|Win32
		{DAD4C6DD-42DD-467D-AB20-91B9EC5E6C7C}.Debug|x86.Build.0 = Debug|Win32
		{DAD4C6DD-42DD-467D-AB20-91B9EC5E6C7C}.Release|x64.ActiveCfg = Release|x64
		{DAD4C6DD-42DD-467D-AB20-91B9EC5E6C7C}.Release|x64.Build.0 = Release|x64
		{DAD4C6DD-42DD-467D-AB20-91B9EC5E6C7C}.Release|x86.ActiveCfg = Release|Win32
		{DAD4C6DD-42DD-467D-AB20-91B9EC5E6C7C}.Release|x86.Build.0 = Release|Win32
		{7C94B54C-6D4E-44CA-A6DB-7F04FF39029D}.Debug|x64.ActiveCfg = Debug|x64
		{7C94B54C-6D4E-44CA-A6DB-7F04FF39029D}.Debug|x64.Build.0 = Debug|x64
		{7C94B54C-6D4E-44CA-A6DB-7F04FF39029D}.Debug|x86.ActiveCfg = Debug|Win32
		{7C94B54C-6D4E-44CA-A6DB-7F04FF39029D}.Debug|x86.Build.0 = Debug|Win32
		{7C94B54C-6D4E-44CA-A6DB-7F04FF39029D}.Release|x64.ActiveCfg = Release|x64
		{7C94B54C-6D4E-44CA-A6DB-7F04FF39029D}.Release|x64.Build.0 = Release|x64
		{7C94B54C-6D4E-44CA-A6DB-7F04FF39029D}.Release|x86.ActiveCfg = Release|Win32
		{7C94B54C-6D4E-44CA-A6DB-7F04FF39029D}.Release|x86.Build.0 = Release|Win32
		{DD26C5A0-6601-4BB3-B1CD-BF0A4AF999A3}.Debug|x64.ActiveCfg = Debug|x64
		{DD26C5A0-6601-4BB3-B1CD-BF0A4AF999A3}.Debug|x64.Build.0 = Debug|x64
		{DD26C5A0-6601-4BB3-B1CD-BF0A4AF999A3}.Debug|x86.ActiveCfg = Debug|Win32
		{DD26C5A0-6601-4BB3-B1CD-BF0A4AF999A3}.Debug|x86.Build.0 = Debug|Win32
		{DD26C5A0-6601-4BB3-B1CD-BF0A4AF999A3}.Release|x64.ActiveCfg = Release|x64
		{DD26C5A0-6601-4BB3-B1CD-BF0A4AF999A3}.Release|x64.Build.0 = Release|x64
		{DD26C5A0-6601-4BB3-B1CD-BF0A4AF999A3}.Release|x86.ActiveCfg = Release|Win32
		{DD26C5A0-6601-4BB3-B1CD-BF0A4AF999A3}.Release|x86.Build.0 = Release|Win32
		{000ACDE2-C17A-416F-B775-6DD6328290D9}.Debug|x64.ActiveCfg = Debug|x64
		{000ACDE2-C17A-416F-B775-6DD6328290D9}.Debug|x64.Build.0 = Debug|x64
		{000ACDE2-C17A-416F-B775-6DD6328290D9}.Debug|x86.ActiveCfg = Debug|Win32
		{000ACDE2-C17A-416F-B775-6DD6328290D9}.Debug|x86.Build.0 = Debug|Win32
		{000ACDE2-C17A-416F-B775-6DD6328290D9}.Release|x64.ActiveCfg = Release|x64
		{000ACDE2-C17A-416F-B775-6DD6328290D9}.Release|x64.Build.0 = Release|x64
		{000ACDE2-C17A-416F-B775-6DD6328290D9}.Release|x86.ActiveCfg = Release|Win32
		{000ACDE2-C17A-416F-B775-6DD6328290D9}.Release|x86.Build.0 = Release|Win32
		{0BD725A9-DFC5-4F74-AF83-A5F342F06C44}.Debug|x64.ActiveCfg = Debug|x64
		{0BD725A9-DFC5-4F74-AF83-A5F342F06C44}.Debug|x64.Build.0 = Debug|x64
		{0BD725A9-DFC5-4F74-AF83-A5F342F06C44}.Debug|x86.ActiveCfg = Debug|Win32
		{0BD725A9-DFC5-4F74-AF83-A5F342F06C44}.Debug|x86.Build.0 = Debug|Win32
		{0BD725A9-DFC5-4F74-AF83-A5F342F06C44}.Release|x64.ActiveCfg = Release|x64
		{0BD725A9-DFC5-4F74-AF83-A5F342F06C44}.Release|x64.Build.0 = Release|x64
		{0BD725A9-DFC5-4F74-AF83-A5F342F06C44}.Release|x86.ActiveCfg = Release|Win32
		{0BD725A9-DFC5-4F74-AF83-A5F342F06C44}.Release|x86.Build.0 = Release|Win32
		{C11BC8BF-C4F4-4668-987F-C0F76F3FAE6B}.Debug|x64.ActiveCfg = Debug|x64
		{C11BC8BF-C4F4-4668-987F-C0F76F3FAE6B}.Debug|x64.Build.0 = Debug|x64
		{C11BC8BF-C4F4-4668-987F-C0F76F3FAE6B}.Debug|x86.ActiveCfg = Debug|Win32
		{C11BC8BF-C4F4-4668-987F-C0F76F3FAE6B}.Debug|x86.Build.0 = Debug|Win32
		{C11BC8BF-C4F4-4668-987F-C0F76F3FAE6B}.Release|x64.ActiveCfg = Release|x64
		{C11BC8BF-C4F4-4668-987F-C0F76F3FAE6B}.Release|x64.Build.0 = Release|x64
		{C11BC8BF-C4F4-4668-987F-C0F76F3FAE6B}.Release|x86.ActiveCfg = Release|Win32
		{C11BC8BF-C4F4-4668-987F-C0F76F3FAE6B}.Release|x86.Build.0 = Release|Win32
		{EEC11E40-2864-425D-8A17-D816924A7BC6}.Debug|x64.ActiveCfg = Debug|x64
		{EEC11E40-2864-425D-8A17-D816924A7BC6}.Debug|x64.Build.0 = Debug|x64
		{EEC11E40-2864-425D-8A17-D816924A7BC6}.Debug|x86.ActiveCfg = Debug|Win32
		{EEC11E40-2864-425D-8A17-D816924A7BC6}.Debug|x86.Build.0 = Debug|Win32
		{EEC11E40-2864-425D-8A17-D816924A7BC6}.Release|x64.ActiveCfg = Release|x64
		{EEC11E40-2864-425D-8A17-D816924A7BC6}.Release|x64.Build.0 = Release|x64
		{EEC11E40-2864-425D-8A17-D816924A7BC6}.Release|x86.ActiveCfg = Release|Win32
		{EEC11E40-2864-425D-8A17-D816924A7BC6}.Release|x86.Build.0 = Release|Win32
		{C9CED229-EDC0-4B28-95B1-25DF36580018}.Debug|x64.ActiveCfg = Debug|x64
		{C9CED229-EDC0-4B28-95B1-25DF36580018}.Debug|x64.Build.0 = Debug|x64
		{C9CED229-EDC0-4B28-95B1-25DF36580018}.Debug|x86.ActiveCfg = Debug|Win32
		{C9CED229-EDC0-4B28-95B1-25DF36580018}.Debug|x86.Build.0 = Debug|Win32
		{C9CED229-EDC0-4B28-95B1-25DF36580018}.Release|x64.ActiveCfg = Release|x64
		{C9CED229-EDC0-4B28-95B1-25DF36580018}.Release|x64.Build.0 = Release|x64
		{C9CED229-EDC0-4B28-95B1-25DF36580018}.Release|x86.ActiveCfg = Release|Win32
		{C9CED229-EDC0-4B28-95B1-25DF36580018}.Release|x86.Build.0 = Release|Win32
		{26790A0B-3C0B-42C3-873B-6C762EE3D9B6}.Debug|x64.ActiveCfg = Debug|x64
		{26790A0B-3C0B-42C3-873B-6C762EE3D9B6}.Debug|x64.Build.0 = Debug|x64
		{26790A0B-3C0B-42C3-873B-6C762EE3D9B6}.Debug|x86.ActiveCfg = Debug|Win32
		{26790A0B-3C0B-42C3-873B-6C762EE3D9B6}.Debug|x86.Build.0 = Debug|Win32
		{26790A0B-3C0B-42C3-873B-6C762EE3D9B6}.Release|x64.ActiveCfg = Release|x64
		{26790A0B-3C0B-42C3-873B-6C762EE3D9B6}.Release|x64.Build.0 = Release|x64
		{26790A0B-3C0B-42C3-873B-6C762EE3D9B6}.Release|x86.ActiveCfg = Release|Win32
		{26790A0B-3C0B-42C3-873B-6C762EE3D9B6}.Release|x86.Build.0 = Release|Win32
		{7BA2A981-49B7-4653-8404-E89753A58E27}.Debug|x64.ActiveCfg = Debug|x64
		{7BA2A981-49B7-4653-8404-E89753A58E27}.Debug|x64.Build.0 = Debug|x64
		{7BA2A981-49B7-4653-8404-E89753A58E27}.Debug|x86.ActiveCfg = Debug|Win32
		{7BA2A981-49B7-4653-8404-E89753A58E27}.Debug|x86.Build.0 = Debug|Win32
		{7BA2A981-49B7-4653-8404-E89753A58E27}.Release|x64.ActiveCfg = Release|x64
		{7BA2A981-49B7-4653-8404-E89753A58E27}.Release|x64.Build.0 = Release|x64
		{7BA2A981-49B7-4653-8404-E89753A58E27}.Release|x86.ActiveCfg = Release|Win32
		{7BA2A981-49B7-4653-8404-E89753A58E27}.Release|x86.Build.0 = Release|Win32
		{1B40AEF6-DFC1-49BC-B1CD-B9CFBBDB20A7}.Debug|x64.ActiveCfg = Debug|x64
		{1B40AEF6-DFC1-49BC-B1CD-B9CFBBDB20A7}.Debug|x64.Build.0 = Debug|x64
		{1B40AEF6-DFC1-49BC-B1CD-B9CFBBDB20A7}.Debug|x86.ActiveCfg = Debug|Win32
		{1B40AEF6-DFC1-49BC-B1CD-B9CFBBDB20A7}.Debug|x86.Build.0 = Debug|Win32
		{1B40AEF6-DFC1-49BC-B1CD-B9CFBBDB20A7}.Release|x64.ActiveCfg = Release|x64
		{1B40AEF6-DFC1-49BC-B1CD-B9CFBBDB20A7}.Release|x64.Build.0 = Release|x64
		{1B40AEF6-DFC1-49BC-B1CD-B9CFBBDB20A7}.Release|x86.ActiveCfg = Release|Win32
		{1B40AEF6-DFC1-49BC-B1CD-B9CFBBDB20A7}.Release|x86.Build.0 = Release|Win32
		{5D9FD833-B934-4928-953C-AB845E67A6AA}.Debug|x64.ActiveCfg = Debug|x64
		{5D9FD833-B934-4928-953C-AB845E67A6AA}.Debug|x64.Build.0 = Debug|x64
		{5D9FD833-B934-4928-953C-AB845E67A6AA}.Debug|x86.ActiveCfg = Debug|Win32
		{5D9FD833-B934-4928-953C-AB845E67A6AA}.Debug|x86.Build.0 = Debug|Win32
		{5D9FD833-B934-4928-953C-AB845E67A6AA}.Release|x64.ActiveCfg = Release|x64
		{5D9FD833-B934-4928-953C-AB845E67A6AA}.Release|x64.Build.0 = Release|x64
		{5D9FD833-B934-4928-953C-AB845E67A6AA}.Release|x86.ActiveCfg = Release|Win32
		{5D9FD833-B934-4928-953C-AB845E67A6AA}.Release|x86.Build.0 = Release|Win32
		{8B861196-7A03-4659-A6E7-12974A0130F6}.Debug|x64.ActiveCfg = Debug|x64
		{8B861196-7A03-4659-A6E7-12974A0130F6}.Debug|x64.Build.0 = Debug|x64
		{8B861196-7A03-4659-A6E7-12974A0130F6}.Debug|x86.ActiveCfg = Debug|Win32
		{8B861196-7A03-4659-A6E7-12974A0130F6}.Debug|x86.Build.0 = Debug|Win32
		{8B861196-7A03-4659-A6E7-12974A0130F6}.Release|x64.ActiveCfg = Release|x64
		{8B861196-7A03-4659-A6E7-12974A0130F6}.Release|x64.Build.0 = Release|x64
		{8B861196-7A03-4659-A6E7-12974A0130F6}.Release|x86.ActiveCfg = Release|Win32
		{8B861196-7A03-4659-A6E7-12974A0130F6}.Release|x86.Build.0 = Release|Win32
		{7EB6D097-364C-4273-8008-AE57CF95250C}.Debug|x64.ActiveCfg = Debug|x64
		{7EB6D097-364C-4273-8008-AE57CF95250C}.Debug|x64.Build.0 = Debug|x64
		{7EB6D097-364C-4273-8008-AE57CF95250C}.Debug|x86.ActiveCfg = Debug|Win32
		{7EB6D097-364C-4273-8008-AE57CF95250C}.Debug|x86.Build.0 = Debug|Win32
		{7EB6D097-364C-4273-8008-AE57CF95250C}.Release|x64.ActiveCfg = Release|x64
		{7EB6D097-364C-4273-8008-AE57CF95250C}.Release|x64.Build.0 = Release|x64
		{7EB6D097-364C-4273-8008-AE57CF95250C}.Release|x86.ActiveCfg = Release|Win32
		{7EB6D097-364C-4273-8008-AE57CF95250C}.Release|x86.Build.0 = Release|Win32
		{0D465E29-43BD-4C2F-B463-3EA18D964A0E}.Debug|x64.ActiveCfg = Debug|x64
		{0D465E29-43BD-4C2F-B463-3EA18D964A0E}.Debug|x64.Build.0 = Debug|x64
		{0D465E29-43BD-4C2F-B463-3EA18D964A0E}.Debug|x86.ActiveCfg = Debug|Win32
		{0D465E29-43BD-4C2F-B463-3EA18D964A0E}.Debug|x86.Build.0 = Debug|Win32
		{0D465E29-43BD-4C2F-B463-3EA18D964A0E}.Release|x64.ActiveCfg = Release|x64
		{0D465E29-43BD-4C2F-B463-3EA18D964A0E}.Release|x64.Build.0 = Release|x64
		{0D465E29-43BD-4C2F-B463-3EA18D964A0E}.Release|x86.ActiveCfg = Release|Win32
		{0D465E29-43BD-4C2F-B463-3EA18D964A0E}.Release|x86.Build.0 = Release|Win32
		{B2881C89-7FB2-44D2-9EC6-A57EE2B32FE9}.Debug|x64.ActiveCfg = Debug|x64
		{B2881C89-7FB2-44D2-9EC6-A57EE2B32FE9}.Debug|x64.Build.0 = Debug|x64
		{B2881C89-7FB2-44D2-9EC6-A57EE2B32FE9}.Debug|x86.ActiveCfg = Debug|Win32
		{B2881C89-7FB2-44D2-9EC6-A57EE2B32FE9}.Debug|x86.Build.0 = Debug|Win32
		{B2881C89-7FB2-44D2-9EC6-A57EE2B32FE9}.Release|x64.ActiveCfg = Release|x64
		{B2881C89-7FB2-44D2-9EC6-A57EE2B32FE9}.Release|x64.Build.0 = Release|x64
		{B2881C89-7FB2-44D2-9EC6-A57EE2B32FE9}.Release|x86.ActiveCfg = Release|Win32
		{B2881C89-7FB2-44D2-9EC6-A57EE2B32FE9}.Release|x86.Build.0 = Release|Win32
		{3E7BED5C-585E-4B65-ACD8-EE3B6972FD1D}.Debug|x64.ActiveCfg = Debug|x64
		{3E7BED5C-585E-4B65-ACD8-EE3B6972FD1D}.Debug|x64.Build.0 = Debug|x64
		{3E7BED5C-585E-4B65-ACD8-EE3B6972FD1D}.Debug|x86.ActiveCfg = Debug|Win32
		{3E7BED5C-585E-4B65-ACD8-EE3B6972FD1D}.Debug|x86.Build.0 = Debug|Win32
		{3E7BED5C-585E-4B65-ACD8-EE3B6972FD1D}.Release|x64.ActiveCfg = Release|x64
		{3E7BED5C-585E-4B65-ACD8-EE3B6972FD1D}.Release|x64.Build.0 = Release|x64
		{3E7BED5C-585E-4B65-ACD8-EE3B6972FD1D}.Release|x86.ActiveCfg = Release|Win32
		{3E7BED5C-585E-4B65-ACD8-EE3B6972FD1D}.Release|x86.Build.0 = Release|Win32
		{E419F61F-6D24-4D96-AA48-631463672109}.Debug|x64.ActiveCfg = Debug|x64
		{E419F61F-6D24-4D96-AA48-631463672109}.Debug|x64.Build.0 = Debug|x64
		{E419F61F-6D24-4D96-AA48-631463672109}.Debug|x86.ActiveCfg = Debug|Win32
		{E419F61F-6D24-4D96-AA48-631463672109}.Debug|x86.Build.0 = Debug|Win32
		{E419F61F-6D24-4D96-AA48-631463672109}.Release|x64.ActiveCfg = Release|x64
		{E419F61F-6D24-4D96-AA48-631463672109}.Release|x64.Build.0 = Release|x64
		{E419F61F-6D24-4D96-AA48-631463672109}.Release|x86.ActiveCfg = Release|Win32
		{E419F61F-6D24-4D96-AA48-631463672109}.Release|x86.Build.0 = Release|Win32
		{D20329C2-3EFE-49F5-825A-678FE81D78A5}.Debug|x64.ActiveCfg = Debug|x64
		{D20329C2-3EFE-49F5-825A-678FE81D78A5}.Debug|x64.Build.0 = Debug|x64
		{D20329C2-3EFE-49F5-825A-678FE81D78A5}.Debug|x86.ActiveCfg = Debug|Win32
		{D20329C2-3EFE-49F5-825A-678FE81D78A5}.Debug|x86.Build.0 = Debug|Win32
		{D20329C2-3EFE-49F5-825A-678FE81D78A5}.Release|x64.ActiveCfg = Release|x64
		{D20329C2-3EFE-49F5-825A-678FE81D78A5}.Release|x64.Build.0 = Release|x64
		{D20329C2-3EFE-49F5-825A-678FE81D78A5}.Release|x86.ActiveCfg = Release|Win32
		{D20329C2-3EFE-49F5-825A-678FE81D78A5}.Release|x86.Build.0 = Release|Win32
		{D9D61661-5C93-4A7F-830A-F1849B5C843F}.Debug|x64.ActiveCfg = Debug|x64
		{D9D61661-5C93-4A7F-830A-F1849B5C843F}.Debug|x64.Build.0 = Debug|x64
		{D9D61661-5C93-4A7F-830A-F1849B5C843F}.Debug|x86.ActiveCfg = Debug|Win32
		{D9D61661-5C93-4A7F-830A-F1849B5C843F}.Debug|x86.Build.0 = Debug|Win32
		{D9D61661-5C93-4A7F-830A-F1849B5C843F}.Release|x64.ActiveCfg = Release|x64
		{D9D61661-5C93-4A7F-830A-F1849B5C843F}.Release|x64.Build.0 = Release|x64
		{D9D61661-5C93-4A7F-830A-F1849B5C843F}.Release|x86.ActiveCfg = Release|Win32
		{D9D61661-5C93-4A7F-830A-F1849B5C843F}.Release|x86.Build.0 = Release|Win32
		{BA83D639-4A7E-4393-A3F6-03E481678819}.Debug|x64.ActiveCfg = Debug|x64
		{BA83D639-4A7E-4393-A3F6-03E481678819}.Debug|x64.Build.0 = Debug|x64
		{BA83D639-4A7E-4393-A3F6-03E481678819}.Debug|x86.ActiveCfg = Debug|Win32
		{BA83D639-4A7E-4393-A3F6-03E481678819}.Debug|x86.Build.0 = Debug|Win32
		{BA83D639-4A7E-4393-A3F6-03E481678819}.Release|x64.ActiveCfg = Release|x64
		{BA83D639-4A7E-4393-A3F6-03E481678819}.Release|x64.Build.0 = Release|x64
		{BA83D639-4A7E-4393-A3F6-03E481678819}.Release|x86.ActiveCfg = Release|Win32
		{BA83D639-4A7E-4393-A3F6-03E481678819}.Release|x86.Build.0 = Release|Win32
		{D602DE94-5B1E-435D-9321-6CE8EE97D581}.Debug|x64.ActiveCfg = Debug|x64
		{D602DE94-5B1E-435D-9321-6CE8EE97D581}.Debug|x64.Build.0 = Debug|x64
		{D602DE94-5B1E-435D-9321-6CE8EE97D581}.Debug|x86.ActiveCfg = Debug|Win32
		{D602DE94-5B1E-435D-9321-6CE8EE97D581}.Debug|x86.Build.0 = Debug|Win32
		{D602DE94-5B1E-435D-9321-6CE8EE97D581}.Release|x64.ActiveCfg = Release|x64
		{D602DE94-5B1E-435D-9321-6CE8EE97D581}.Release|x64.Build.0 = Release|x64
		{D602DE94-5B1E-435D-9321-6CE8EE97D581}.Release|x86.ActiveCfg = Release|Win32
		{D602DE94-5B1E-435D-9321-6CE8EE97D581}.Release|x86.Build.0 = Release|Win32
		{AC117DE0-01C3-4048-A2E8-3FE8903F9B7A}.Debug|x64.ActiveCfg = Debug|x64
		{AC117DE0-01C3-4048-A2E8-3FE8903F9B7A}.Debug|x64.Build.0 = Debug|x64
		{AC117DE0-01C3-4048-A2E8-3FE8903F9B7A}.Debug|x86.ActiveCfg = Debug|Win32
		{AC117DE0-01C3-4048-A2E8-3FE8903F9B7A}.Debug|x86.Build.0 = Debug|Win32
		{AC117DE0-01C3-4048-A2E8-3FE8903F9B7A}.Release|x64.ActiveCfg = Release|x64
		{AC117DE0-01C3-4048-A2E8-3FE8903F9B7A}.Release|x64.Build.0 = Release|x64
		{AC117DE0-01C3-4048-A2E8-3FE8903F9B7A}.Release|x86.ActiveCfg = Release|Win32
		{AC117DE0-01C3-4048-A2E8-3FE8903F9B7A}.Release|x86.Build.0 = Release|Win32
		{3F8D5DFB-8088-4B6A-AB01-CF4DA2294FCF}.Debug|x64.ActiveCfg = Debug|x64
		{3F8D5DFB-8088-4B6A-AB01-CF4DA2294FCF}.Debug|x64.Build.0 = Debug|x64
		{3F8D5DFB-8088-4B6A-AB01-CF4DA2294FCF}.Debug|x86.ActiveCfg = Debug|Win32
		{3F8D5DFB-8088-4B6A-AB01-CF4DA2294FCF}.Debug|x86.Build.0 = Debug|Win32
		{3F8D5DFB-8088-4B6A-AB01-CF4DA2294FCF}.Release|x64.ActiveCfg = Release|x64
		{3F8D5DFB-8088-4B6A-AB01-CF4DA2294FCF}.Release|x64.Build.0 = Release|x64
		{3F8D5DFB-8088-4B6A-AB01-CF4DA2294FCF}.Release|x86.ActiveCfg = Release|Win32
		{3F8D5DFB-8088-4B6A-AB01-CF4DA2294FCF}.Release|x86.Build.0 = Release|Win32
		{B0682529-BCE1-44AE-8D66-6AFDC7D6CF10}.Debug|x64.ActiveCfg = Debug|x64
		{B0682529-BCE1-44AE-8D66-6AFDC7D6CF10}.Debug|x64.Build.0 = Debug|x64
		{B0682529-BCE1-44AE-8D66-6AFDC7D6CF10}.Debug|x86.ActiveCfg = Debug|Win32
		{B0682529-BCE1-44AE-8D66-6AFDC7D6CF10}.Debug|x86.Build.0 = Debug|Win32
		{B0682529-BCE1-44AE-8D66-6AFDC7D6CF10}.Release|x64.ActiveCfg = Release|x64
		{B0682529-BCE1-44AE-8D66-6AFDC7D6CF10}.Release|x64.Build.0 = Release|x64
		{B0682529-BCE1-44AE-8D66-6AFDC7D6CF10}.Release|x86.ActiveCfg = Release|Win32
		{B0682529-BCE1-44AE-8D66-6AFDC7D6CF10}.Release|x86.Build.0 = Release|Win32
		{E3DA3BD3-6288-4B74-8741-9F47E6AF7C98}.Debug|x64.ActiveCfg = Debug|x64
		{E3DA3BD3-6288-4B74-8741-9F47E6AF7C98}.Debug|x64.Build.0 = Debug|x64
		{E3DA3BD3-6288-4B74-8741-9F47E6AF7C98}.Debug|x86.ActiveCfg = Debug|Win32
		{E3DA3BD3-6288-4B74-8741-9F47E6AF7C98}.Debug|x86.Build.0 = Debug|Win32
		{E3DA3BD3-6288-4B74-8741-9F47E6AF7C98}.Release|x64.ActiveCfg = Release|x64
		{E3DA3BD3-6288-4B74-8741-9F47E6AF7C98}.Release|x64.Build.0 = Release|x64
		{E3DA3BD3-6288-4B74-8741-9F47E6AF7C98}.Release|x86.ActiveCfg = Release|Win32
		{E3DA3BD3-6288-4B74-8741-9F47E6AF7C98}.Release|x86.Build.0 = Release|Win32
		{09271AFA-31F0-4811-A55E-BEEA286F0549}.Debug|x64.ActiveCfg = Debug|x64
		{09271AFA-31F0-4811-A55E-BEEA286F0549}.Debug|x64.Build.0 = Debug|x64
		{09271AFA-31F0-4811-A55E-BEEA286F0549}.Debug|x86.ActiveCfg = Debug|Win32
		{09271AFA-31F0-4811-A55E-BEEA286F0549}.Debug|x86.Build.0 = Debug|Win32
		{09271AFA-31F0-4811-A55E-BEEA286F0549}.Release|x64.ActiveCfg = Release|x64
		{09271AFA-31F0-4811-A55E-BEEA286F0549}.Release|x64.Build.0 = Release|x64
		{09271AFA-31F0-4811-A55E-BEEA286F0549}.Release|x86.ActiveCfg = Release|Win32
		{09271AFA-31F0-4811-A55E-BEEA286F0549}.Release|x86.Build.0 = Release|Win32
		{9D1FDE26-A90A-45C6-9D87-C0DEC09EF63A}.Debug|x64.ActiveCfg = Debug|x64
		{9D1FDE26-A90A-45C6-9D87-C0DEC09EF63A}.Debug|x64.Build.0 = Debug|x64
		{9D1FDE26-A90A-45C6-9D87-C0DEC09EF63A}.Debug|x86.ActiveCfg = Debug|Win32
		{9D1FDE26-A90A-45C6-9D87-C0DEC09EF63A}.Debug|x86.Build.0 = Debug|Win32
		{9D1FDE26-A90A-45C6-9D87-C0DEC09EF63A}.Release|x64.ActiveCfg = Release|x64
		{9D1FDE26-A90A-45C6-9D87-C0DEC09EF63A}.Release|x64.Build.0 = Release|x64
		{9D1FDE26-A90A-45C6-9D87-C0DEC09EF63A}.Release|x86.ActiveCfg = Release|Win32
		{9D1FDE26-A90A-45C6-9D87-C0DEC09EF63A}.Release|x86.Build.0 = Release|Win32
		{1B528FB1-27A5-4368-A582-766CC16D9FF3}.Debug|x64.ActiveCfg = Debug|x64
		{1B528FB1-27A5-4368-A582-766CC16D9FF3}.Debug|x64.Build.0 = Debug|x64
		{1B528FB1-27A5-4368-A582-766CC16D9FF3}.Debug|x86.ActiveCfg = Debug|Win32
		{1B528FB1-27A5-4368-A582-766CC16D9FF3}.Debug|x86.Build.0 = Debug|Win32
		{1B528FB1-27A5-4368-A582-766CC16D9FF3}.Release|x64.ActiveCfg = Release|x64
		{1B528FB1-27A5-4368-A582-766CC16D9FF3}.Release|x64.Build.0 = Release|x64
		{1B528FB1-27A5-4368-A582-766CC16D9FF3}.Release|x86.ActiveCfg = Release|Win32
		{1B528FB1-27A5-4368-A582-766CC16D9FF3}.Release|x86.Build.0 = Release|Win32
		{6C570C9F-DA9C-4D60-A158-A3F291DCA020}.Debug|x64.ActiveCfg = Debug|x64
		{6C570C9F-DA9C-4D60-A158-A3F291DCA020}.Debug|x64.Build.0 = Debug|x64
		{6C570C9F-DA9C-4D60-A158-A3F291DCA020}.Debug|x86.ActiveCfg = Debug|Win32
		{6C570C9F-DA9C-4D60-A158-A3F291DCA020}.Debug|x86.Build.0 = Debug|Win32
		{6C570C9F-DA9C-4D60-A158-A3F291DCA020}.Release|x64.ActiveCfg = Release|x64
		{6C570C9F-DA9C-4D60-A158-A3F291DCA020}.Release|x64.Build.0 = Release|x64
		{6C570C9F-DA9C-4D60-A158-A3F291DCA020}.Release|x86.ActiveCfg = Release|Win32
		{6C570C9F-DA9C-4D60-A158-A3F291DCA020}.Release|x86.Build.0 = Release|Win32
		{F1652531-1773-4A1D-BFD4-3F365E6BD689}.Debug|x64.ActiveCfg = Debug|x64
		{F1652531-1773-4A1D-BFD4-3F365E6BD689}.Debug|x64.Build.0 = Debug|x64
		{F1652531-1773-4A1D-BFD4-3F365E6BD689}.Debug|x86.ActiveCfg = Debug|Win32
		{F1652531-1773-4A1D-BFD4-3F365E6BD689}.Debug|x86.Build.0 = Debug|Win32
		{F1652531-1773-4A1D-BFD4-3F365E6BD689}.Release|x64.ActiveCfg = Release|x64
		{F1652531-1773-4A1D-BFD4-3F365E6BD689}.Release|x64.Build.0 = Release|x64
		{F1652531-1773-4A1D-BFD4-3F365E6BD689}.Release|x86.ActiveCfg = Release|Win32
		{F1652531-1773-4A1D-BFD4-3F365E6BD689}.Release|x86.Build.0 = Release|Win32
		{EDFA4313-F545-4690-A55A-BF83DBEF7BF5}.Debug|x64.ActiveCfg = Debug|x64
		{EDFA4313-F545-4690-A55A-BF83DBEF7BF5}.Debug|x64.Build.0 = Debug|x64
		{EDFA4313-F545-4690-A55A-BF83DBEF7BF5}.Debug|x86.ActiveCfg = Debug|Win32
		{EDFA4313-F545-4690-A55A-BF83DBEF7BF5}.Debug|x86.Build.0 = Debug|Win32
		{EDFA4313-F545-4690-A55A-BF83DBEF7BF5}.Release|x64.ActiveCfg = Release|x64
		{EDFA4313-F545-4690-A55A-BF83DBEF7BF5}.Release|x64.Build.0 = Release|x64
		{EDFA4313-F545-4690-A55A-BF83DBEF7BF5}.Release|x86.ActiveCfg = Release|Win32
		{EDFA4313-F545-4690-A55A-BF83DBEF7BF5}.Release|x86.Build.0 = Release|Win32
		{7B6EA290-FA58-4DC1-9A18-6D40168D7975}.Debug|x64.ActiveCfg = Debug|x64
		{7B6EA290-FA58-4DC1-9A18-6D40168D7975}.Debug|x64.Build.0 = Debug|x64
		{7B6EA290-FA58-4DC1-9A18-6D40168D7975}.Debug|x86.ActiveCfg = Debug|Win32
		{7B6EA290-FA58-4DC1-9A18-6D40168D7975}.Debug|x86.Build.0 = Debug|Win32
		{7B6EA290-FA58-4DC1-9A18-6D40168D7975}.Release|x64.ActiveCfg = Release|x64
		{7B6EA290-FA58-4DC1-9A18-6D40168D7975}.Release|x64.Build.0 = Release|x64
		{7B6EA290-FA58-4DC1-9A18-6D40168D7975}.Release|x86.ActiveCfg = Release|Win32
		{7B6EA290-FA58-4DC1-9A18-6D40168D7975}.Release|x86.Build.0 = Release|Win32
		{C760075E-DACA-4FFF-86E9-098AC2398B0A}.Debug|x64.ActiveCfg = Debug|x64
		{C760075E-DACA-4FFF-86E9-098AC2398B0A}.Debug|x64.Build.0 = Debug|x64
		{C760075E-DACA-4FFF-86E9-098AC2398B0A}.Debug|x86.ActiveCfg = Debug|Win32
		{C760075E-DACA-4FFF-86E9-098AC2398B0A}.Debug|x86.Build.0 = Debug|Win32
		{C760075E-DACA-4FFF-86E9-098AC2398B0A}.Release|x64.ActiveCfg = Release|x64
		{C760075E-DACA-4FFF-86E9-098AC2398B0A}.Release|x64.Build.0 = Release|x64
		{C760075E-DACA-4FFF-86E9-098AC2398B0A}.Release|x86.ActiveCfg = Release|Win32
		{C760075E-DACA-4FFF-86E9-098AC2398B0A}.Release|x86.Build.0 = Release|Win32
		{101604E7-4904-45CC-879B-EC809CF926BA}.Debug|x64.ActiveCfg = Debug|x64
		{101604E7-4904-45CC-879B-EC809CF926BA}.Debug|x64.Build.0 = Debug|x64
		{101604E7-4904-45CC-879B-EC809CF926BA}.Debug|x86.ActiveCfg = Debug|Win32
		{101604E7-4904-45CC-879B-EC809CF926BA}.Debug|x86.Build.0 = Debug|Win32
		{101604E7-4904-45CC-879B-EC809CF926BA}.Release|x64.ActiveCfg = Release|x64
		{101604E7-4904-45CC-879B-EC809CF926BA}.Release|x64.Build.0 = Release|x64
		{101604E7-4904-45CC-879B-EC809CF926BA}.Release|x86.ActiveCfg = Release|Win32
		{101604E7-4904-45CC-879B-EC809CF926BA}.Release|x86.Build.0 = Release|Win32
		{78C66B74-57A6-449E-BDB2-CE150470A6DA}.Debug|x64.ActiveCfg = Debug|x64
		{78C66B74-57A6-449E-BDB2-CE150470A6DA}.Debug|x64.Build.0 = Debug|x64
		{78C66B74-57A6-449E-BDB2-CE150470A6DA}.Debug|x86.ActiveCfg = Debug|Win32
		{78C66B74-57A6-449E-BDB2-CE150470A6DA}.Debug|x86.Build.0 = Debug|Win32
		{78C66B74-57A6-449E-BDB2-CE150470A6DA}.Release|x64.ActiveCfg = Release|x64
		{78C66B74-57A6-449E-BDB2-CE150470A6DA}.Release|x64.Build.0 = Release|x64
		{78C66B74-57A6-449E-BDB2-CE150470A6DA}.Release|x86.ActiveCfg = Release|Win32
		{78C66B74-57A6-449E-BDB2-CE150470A6DA}.Release|x86.Build.0 = Release|Win32
		{514FFA35-3A5F-463B-9AF6-BDBB237E2BBF}.Debug|x64.ActiveCfg = Debug|x64
		{514FFA35-3A5F-463B-9AF6-BDBB237E2BBF}.Debug|x64.Build.0 = Debug|x64
		{514FFA35-3A5F-463B-9AF6-BDBB237E2BBF}.Debug|x86.ActiveCfg = Debug|Win32
		{514FFA35-3A5F-463B-9AF6-BDBB237E2BBF}.Debug|x86.Build.0 = Debug|Win32
		{514FFA35-3A5F-463B-9AF6-BDBB237E2BBF}.Release|x64.ActiveCfg = Release|x64
		{514FFA35-3A5F-463B-9AF6-BDBB237E2BBF}.Release|x64.Build.0 = Release|x64
		{514FFA35-3A5F-463B-9AF6-BDBB237E2BBF}.Release|x86.ActiveCfg = Release|Win32
		{514FFA35-3A5F-463B-9AF6-BDBB237E2BBF}.Release|x86.Build.0 = Release|Win32
		{C3A20914-262C-43C2-996B-BB5A165348D8}.Debug|x64.ActiveCfg = Debug|x64
		{C3A20914-262C-43C2-996B-BB5A165348D8}.Debug|x64.Build.0 = Debug|x64
		{C3A20914-262C-43C2-996B-BB5A165348D8}.Debug|x86.ActiveCfg = Debug|Win32
		{C3A20914-262C-43C2-996B-BB5A165348D8}.Debug|x86.Build.0 = Debug|Win32
		{C3A20914-262C-43C2-996B-BB5A165348D8}.Release|x64.ActiveCfg = Release|x64
		{C3A20914-262C-43C2-996B-BB5A165348D8}.Release|x64.Build.0 = Release|x64
		{C3A20914-262C-43C2-996B-BB5A165348D8}.Release|x86.ActiveCfg = Release|Win32
		{C3A20914-262C-43C2-996B-BB5A165348D8}.Release|x86.Build.0 = Release|Win32
	EndGlobalSection
	GlobalSection(SolutionProperties) = preSolution
		HideSolutionNode = FALSE
	EndGlobalSection
	GlobalSection(NestedProjects) = preSolution
		{1DF52B2D-1679-44A1-8102-BDC35D888FDE} = {B597E143-AF83-47B2-B3D3-676453D317A6}
		{15A3FE46-DBCF-4B41-ACB7-CD9D8724D706} = {6E645CFC-7BF9-40D8-AAEE-1CCB65D0AF88}
		{85E25E61-DF58-4966-8CD5-0A6189A11DE8} = {6E645CFC-7BF9-40D8-AAEE-1CCB65D0AF88}
	EndGlobalSection
	GlobalSection(ExtensibilityGlobals) = postSolution
		SolutionGuid = {CB3ECDC7-6DFC-48D3-9929-439E427736BD}
	EndGlobalSection
EndGlobal
