<?xml version="1.0" encoding="utf-8"?>
<Project ToolsVersion="4.0" xmlns="http://schemas.microsoft.com/developer/msbuild/2003">
  <ItemGroup>
    <Filter Include="Source Files">
      <UniqueIdentifier>{4FC737F1-C7A5-4376-A066-2A32D752A2FF}</UniqueIdentifier>
      <Extensions>cpp;c;cc;cxx;c++;cppm;ixx;def;odl;idl;hpj;bat;asm;asmx</Extensions>
    </Filter>
    <Filter Include="Header Files">
      <UniqueIdentifier>{93995380-89BD-4b04-88EB-625FBE52EBFB}</UniqueIdentifier>
      <Extensions>h;hh;hpp;hxx;h++;hm;inl;inc;ipp;xsd</Extensions>
    </Filter>
    <Filter Include="Resource Files">
      <UniqueIdentifier>{67DA6AB6-F800-4c08-8B7A-83BB121AAD01}</UniqueIdentifier>
      <Extensions>rc;ico;cur;bmp;dlg;rc2;rct;bin;rgs;gif;jpg;jpeg;jpe;resx;tiff;tif;png;wav;mfcribbon-ms</Extensions>
    </Filter>
  </ItemGroup>
  <ItemGroup>
    <ClCompile Include="..\..\primary\appmain.cpp">
      <Filter>Source Files</Filter>
    </ClCompile>
    <ClCompile Include="..\..\primary\p5.cpp">
      <Filter>Source Files</Filter>
    </ClCompile>
    <ClCompile Include="..\..\primary\tinygl\accum.c">
      <Filter>Source Files</Filter>
    </ClCompile>
    <ClCompile Include="..\..\primary\tinygl\api.c">
      <Filter>Source Files</Filter>
    </ClCompile>
    <ClCompile Include="..\..\primary\tinygl\arrays.c">
      <Filter>Source Files</Filter>
    </ClCompile>
    <ClCompile Include="..\..\primary\tinygl\clear.c">
      <Filter>Source Files</Filter>
    </ClCompile>
    <ClCompile Include="..\..\primary\tinygl\clip.c">
      <Filter>Source Files</Filter>
    </ClCompile>
    <ClCompile Include="..\..\primary\tinygl\get.c">
      <Filter>Source Files</Filter>
    </ClCompile>
    <ClCompile Include="..\..\primary\tinygl\image_util.c">
      <Filter>Source Files</Filter>
    </ClCompile>
    <ClCompile Include="..\..\primary\tinygl\init.c">
      <Filter>Source Files</Filter>
    </ClCompile>
    <ClCompile Include="..\..\primary\tinygl\light.c">
      <Filter>Source Files</Filter>
    </ClCompile>
    <ClCompile Include="..\..\primary\tinygl\list.c">
      <Filter>Source Files</Filter>
    </ClCompile>
    <ClCompile Include="..\..\primary\tinygl\matrix.c">
      <Filter>Source Files</Filter>
    </ClCompile>
    <ClCompile Include="..\..\primary\tinygl\memory.c">
      <Filter>Source Files</Filter>
    </ClCompile>
    <ClCompile Include="..\..\primary\tinygl\misc.c">
      <Filter>Source Files</Filter>
    </ClCompile>
    <ClCompile Include="..\..\primary\tinygl\msghandling.c">
      <Filter>Source Files</Filter>
    </ClCompile>
    <ClCompile Include="..\..\primary\tinygl\select.c">
      <Filter>Source Files</Filter>
    </ClCompile>
    <ClCompile Include="..\..\primary\tinygl\specbuf.c">
      <Filter>Source Files</Filter>
    </ClCompile>
    <ClCompile Include="..\..\primary\tinygl\texture.c">
      <Filter>Source Files</Filter>
    </ClCompile>
    <ClCompile Include="..\..\primary\tinygl\vertex.c">
      <Filter>Source Files</Filter>
    </ClCompile>
    <ClCompile Include="..\..\primary\tinygl\zbuffer.c">
      <Filter>Source Files</Filter>
    </ClCompile>
    <ClCompile Include="..\..\primary\tinygl\zline.c">
      <Filter>Source Files</Filter>
    </ClCompile>
    <ClCompile Include="..\..\primary\tinygl\zmath.c">
      <Filter>Source Files</Filter>
    </ClCompile>
    <ClCompile Include="..\..\primary\tinygl\zpostprocess.c">
      <Filter>Source Files</Filter>
    </ClCompile>
    <ClCompile Include="..\..\primary\tinygl\zraster.c">
      <Filter>Source Files</Filter>
    </ClCompile>
    <ClCompile Include="..\..\primary\tinygl\ztext.c">
      <Filter>Source Files</Filter>
    </ClCompile>
    <ClCompile Include="..\..\primary\tinygl\ztriangle.c">
      <Filter>Source Files</Filter>
    </ClCompile>
    <ClCompile Include="gears.cpp">
      <Filter>Source Files</Filter>
    </ClCompile>
  </ItemGroup>
  <ItemGroup>
    <ClInclude Include="..\..\primary\apphost.h">
      <Filter>Header Files</Filter>
    </ClInclude>
    <ClInclude Include="..\..\primary\p5.hpp">
      <Filter>Header Files</Filter>
    </ClInclude>
  </ItemGroup>
</Project>