<?xml version="1.0" encoding="utf-8"?>
<Project ToolsVersion="4.0" xmlns="http://schemas.microsoft.com/developer/msbuild/2003">
  <ItemGroup>
    <Filter Include="Source Files">
      <UniqueIdentifier>{4FC737F1-C7A5-4376-A066-2A32D752A2FF}</UniqueIdentifier>
      <Extensions>cpp;c;cc;cxx;c++;def;odl;idl;hpj;bat;asm;asmx</Extensions>
    </Filter>
    <Filter Include="Header Files">
      <UniqueIdentifier>{93995380-89BD-4b04-88EB-625FBE52EBFB}</UniqueIdentifier>
      <Extensions>h;hh;hpp;hxx;h++;hm;inl;inc;ipp;xsd</Extensions>
    </Filter>
    <Filter Include="Resource Files">
      <UniqueIdentifier>{67DA6AB6-F800-4c08-8B7A-83BB121AAD01}</UniqueIdentifier>
      <Extensions>rc;ico;cur;bmp;dlg;rc2;rct;bin;rgs;gif;jpg;jpeg;jpe;resx;tiff;tif;png;wav;mfcribbon-ms</Extensions>
    </Filter>
    <Filter Include="testy">
      <UniqueIdentifier>{7133211b-ea12-4f5a-946b-91972bc6bd44}</UniqueIdentifier>
    </Filter>
  </ItemGroup>
  <ItemGroup>
    <ClCompile Include="..\..\primary\appmain.cpp">
      <Filter>Source Files</Filter>
    </ClCompile>
    <ClCompile Include="..\..\primary\p5.cpp">
      <Filter>Source Files</Filter>
    </ClCompile>
    <ClCompile Include="psily.cpp">
      <Filter>Source Files</Filter>
    </ClCompile>
    <ClCompile Include="psvm.cpp">
      <Filter>Source Files</Filter>
    </ClCompile>
  </ItemGroup>
  <ItemGroup>
    <ClInclude Include="..\..\primary\apphost.h">
      <Filter>Header Files</Filter>
    </ClInclude>
    <ClInclude Include="..\..\primary\p5.hpp">
      <Filter>Header Files</Filter>
    </ClInclude>
    <ClInclude Include="psstack.h">
      <Filter>Header Files</Filter>
    </ClInclude>
    <ClInclude Include="psvm.h">
      <Filter>Header Files</Filter>
    </ClInclude>
    <ClInclude Include="psdictionary.h">
      <Filter>Header Files</Filter>
    </ClInclude>
    <ClInclude Include="ps_base_operators.h">
      <Filter>Header Files</Filter>
    </ClInclude>
    <ClInclude Include="pscanvas.h">
      <Filter>Header Files</Filter>
    </ClInclude>
    <ClInclude Include="psmatrix.h">
      <Filter>Header Files</Filter>
    </ClInclude>
    <ClInclude Include="psgraphicstate.h">
      <Filter>Header Files</Filter>
    </ClInclude>
    <ClInclude Include="pstypes.h">
      <Filter>Header Files</Filter>
    </ClInclude>
  </ItemGroup>
  <ItemGroup>
    <None Include="testy\hello.ps">
      <Filter>testy</Filter>
    </None>
    <None Include="testy\case2.ps">
      <Filter>testy</Filter>
    </None>
    <None Include="testy\def1.ps">
      <Filter>testy</Filter>
    </None>
    <None Include="testy\pstack1.ps">
      <Filter>testy</Filter>
    </None>
    <None Include="testy\pbourke1.ps">
      <Filter>testy</Filter>
    </None>
    <None Include="testy\case1.ps">
      <Filter>testy</Filter>
    </None>
    <None Include="testy\version.ps">
      <Filter>testy</Filter>
    </None>
    <None Include="testy\typeprocs.ps">
      <Filter>testy</Filter>
    </None>
  </ItemGroup>
</Project>